// !$*UTF8*$!
{
	archiveVersion = 1;
	classes = {
	};
	objectVersion = 56;
	objects = {

/* Begin PBXBuildFile section */
		7DC9A9602CD273E4009B3C82 /* VoyagelyApp.swift in Sources */ = {isa = PBXBuildFile; fileRef = 7DC9A95F2CD273E4009B3C82 /* VoyagelyApp.swift */; };
		7DC9A9622CD273E4009B3C82 /* ContentView.swift in Sources */ = {isa = PBXBuildFile; fileRef = 7DC9A9612CD273E4009B3C82 /* ContentView.swift */; };
		7DC9A9642CD273E6009B3C82 /* Assets.xcassets in Resources */ = {isa = PBXBuildFile; fileRef = 7DC9A9632CD273E6009B3C82 /* Assets.xcassets */; };
		7DC9A9672CD273E6009B3C82 /* Preview Assets.xcassets in Resources */ = {isa = PBXBuildFile; fileRef = 7DC9A9662CD273E6009B3C82 /* Preview Assets.xcassets */; };
		7DC9A9702CD28A59009B3C82 /* HomeView.swift in Sources */ = {isa = PBXBuildFile; fileRef = 7DC9A96F2CD28A59009B3C82 /* HomeView.swift */; };
		7DC9A9732CD292E2009B3C82 /* ToolbarDesign.swift in Sources */ = {isa = PBXBuildFile; fileRef = 7DC9A9722CD292E2009B3C82 /* ToolbarDesign.swift */; };
		7DC9A9752CD29395009B3C82 /* Category.swift in Sources */ = {isa = PBXBuildFile; fileRef = 7DC9A9742CD29395009B3C82 /* Category.swift */; };
		7DC9A9792CD297A4009B3C82 /* View+Extensions.swift in Sources */ = {isa = PBXBuildFile; fileRef = 7DC9A9782CD297A4009B3C82 /* View+Extensions.swift */; };
		7DC9A97B2CD2981D009B3C82 /* CategoryList.swift in Sources */ = {isa = PBXBuildFile; fileRef = 7DC9A97A2CD2981D009B3C82 /* CategoryList.swift */; };
		7DC9A97D2CD29EF3009B3C82 /* StoryDesign.swift in Sources */ = {isa = PBXBuildFile; fileRef = 7DC9A97C2CD29EF3009B3C82 /* StoryDesign.swift */; };
/* End PBXBuildFile section */

/* Begin PBXFileReference section */
		7DC9A95C2CD273E4009B3C82 /* Voyagely.app */ = {isa = PBXFileReference; explicitFileType = wrapper.application; includeInIndex = 0; path = Voyagely.app; sourceTree = BUILT_PRODUCTS_DIR; };
		7DC9A95F2CD273E4009B3C82 /* VoyagelyApp.swift */ = {isa = PBXFileReference; lastKnownFileType = sourcecode.swift; path = VoyagelyApp.swift; sourceTree = "<group>"; };
		7DC9A9612CD273E4009B3C82 /* ContentView.swift */ = {isa = PBXFileReference; lastKnownFileType = sourcecode.swift; path = ContentView.swift; sourceTree = "<group>"; };
		7DC9A9632CD273E6009B3C82 /* Assets.xcassets */ = {isa = PBXFileReference; lastKnownFileType = folder.assetcatalog; path = Assets.xcassets; sourceTree = "<group>"; };
		7DC9A9662CD273E6009B3C82 /* Preview Assets.xcassets */ = {isa = PBXFileReference; lastKnownFileType = folder.assetcatalog; path = "Preview Assets.xcassets"; sourceTree = "<group>"; };
		7DC9A96F2CD28A59009B3C82 /* HomeView.swift */ = {isa = PBXFileReference; lastKnownFileType = sourcecode.swift; path = HomeView.swift; sourceTree = "<group>"; };
		7DC9A9722CD292E2009B3C82 /* ToolbarDesign.swift */ = {isa = PBXFileReference; lastKnownFileType = sourcecode.swift; path = ToolbarDesign.swift; sourceTree = "<group>"; };
		7DC9A9742CD29395009B3C82 /* Category.swift */ = {isa = PBXFileReference; lastKnownFileType = sourcecode.swift; path = Category.swift; sourceTree = "<group>"; };
		7DC9A9782CD297A4009B3C82 /* View+Extensions.swift */ = {isa = PBXFileReference; lastKnownFileType = sourcecode.swift; path = "View+Extensions.swift"; sourceTree = "<group>"; };
		7DC9A97A2CD2981D009B3C82 /* CategoryList.swift */ = {isa = PBXFileReference; lastKnownFileType = sourcecode.swift; path = CategoryList.swift; sourceTree = "<group>"; };
		7DC9A97C2CD29EF3009B3C82 /* StoryDesign.swift */ = {isa = PBXFileReference; lastKnownFileType = sourcecode.swift; path = StoryDesign.swift; sourceTree = "<group>"; };
/* End PBXFileReference section */

/* Begin PBXFrameworksBuildPhase section */
		7DC9A9592CD273E3009B3C82 /* Frameworks */ = {
			isa = PBXFrameworksBuildPhase;
			buildActionMask = 2147483647;
			files = (
			);
			runOnlyForDeploymentPostprocessing = 0;
		};
/* End PBXFrameworksBuildPhase section */

/* Begin PBXGroup section */
		7DC9A9532CD273E3009B3C82 = {
			isa = PBXGroup;
			children = (
				7DC9A95E2CD273E4009B3C82 /* Voyagely */,
				7DC9A95D2CD273E4009B3C82 /* Products */,
			);
			sourceTree = "<group>";
		};
		7DC9A95D2CD273E4009B3C82 /* Products */ = {
			isa = PBXGroup;
			children = (
				7DC9A95C2CD273E4009B3C82 /* Voyagely.app */,
			);
			name = Products;
			sourceTree = "<group>";
		};
		7DC9A95E2CD273E4009B3C82 /* Voyagely */ = {
			isa = PBXGroup;
			children = (
				7DC9A96D2CD289E5009B3C82 /* modules */,
				7DC9A95F2CD273E4009B3C82 /* VoyagelyApp.swift */,
				7DC9A9612CD273E4009B3C82 /* ContentView.swift */,
				7DC9A9632CD273E6009B3C82 /* Assets.xcassets */,
				7DC9A9652CD273E6009B3C82 /* Preview Content */,
			);
			path = Voyagely;
			sourceTree = "<group>";
		};
		7DC9A9652CD273E6009B3C82 /* Preview Content */ = {
			isa = PBXGroup;
			children = (
				7DC9A9662CD273E6009B3C82 /* Preview Assets.xcassets */,
			);
			path = "Preview Content";
			sourceTree = "<group>";
		};
		7DC9A96D2CD289E5009B3C82 /* modules */ = {
			isa = PBXGroup;
			children = (
				7DC9A9762CD29783009B3C82 /* Utils */,
				7DC9A96E2CD28A47009B3C82 /* HomeModule */,
			);
			path = modules;
			sourceTree = "<group>";
		};
		7DC9A96E2CD28A47009B3C82 /* HomeModule */ = {
			isa = PBXGroup;
			children = (
				7DC9A9712CD292BD009B3C82 /* views */,
				7DC9A96F2CD28A59009B3C82 /* HomeView.swift */,
				7DC9A9742CD29395009B3C82 /* Category.swift */,
			);
			path = HomeModule;
			sourceTree = "<group>";
		};
		7DC9A9712CD292BD009B3C82 /* views */ = {
			isa = PBXGroup;
			children = (
				7DC9A9722CD292E2009B3C82 /* ToolbarDesign.swift */,
				7DC9A97A2CD2981D009B3C82 /* CategoryList.swift */,
				7DC9A97C2CD29EF3009B3C82 /* StoryDesign.swift */,
			);
			path = views;
			sourceTree = "<group>";
		};
		7DC9A9762CD29783009B3C82 /* Utils */ = {
			isa = PBXGroup;
			children = (
				7DC9A9772CD2978E009B3C82 /* Extension */,
			);
			path = Utils;
			sourceTree = "<group>";
		};
		7DC9A9772CD2978E009B3C82 /* Extension */ = {
			isa = PBXGroup;
			children = (
				7DC9A9782CD297A4009B3C82 /* View+Extensions.swift */,
			);
			path = Extension;
			sourceTree = "<group>";
		};
/* End PBXGroup section */

/* Begin PBXNativeTarget section */
		7DC9A95B2CD273E3009B3C82 /* Voyagely */ = {
			isa = PBXNativeTarget;
			buildConfigurationList = 7DC9A96A2CD273E6009B3C82 /* Build configuration list for PBXNativeTarget "Voyagely" */;
			buildPhases = (
				7DC9A9582CD273E3009B3C82 /* Sources */,
				7DC9A9592CD273E3009B3C82 /* Frameworks */,
				7DC9A95A2CD273E3009B3C82 /* Resources */,
			);
			buildRules = (
			);
			dependencies = (
			);
			name = Voyagely;
			productName = Voyagely;
			productReference = 7DC9A95C2CD273E4009B3C82 /* Voyagely.app */;
			productType = "com.apple.product-type.application";
		};
/* End PBXNativeTarget section */

/* Begin PBXProject section */
		7DC9A9542CD273E3009B3C82 /* Project object */ = {
			isa = PBXProject;
			attributes = {
				BuildIndependentTargetsInParallel = 1;
				LastSwiftUpdateCheck = 1500;
				LastUpgradeCheck = 1500;
				TargetAttributes = {
					7DC9A95B2CD273E3009B3C82 = {
						CreatedOnToolsVersion = 15.0;
					};
				};
			};
			buildConfigurationList = 7DC9A9572CD273E3009B3C82 /* Build configuration list for PBXProject "Voyagely" */;
			compatibilityVersion = "Xcode 14.0";
			developmentRegion = en;
			hasScannedForEncodings = 0;
			knownRegions = (
				en,
				Base,
			);
			mainGroup = 7DC9A9532CD273E3009B3C82;
			productRefGroup = 7DC9A95D2CD273E4009B3C82 /* Products */;
			projectDirPath = "";
			projectRoot = "";
			targets = (
				7DC9A95B2CD273E3009B3C82 /* Voyagely */,
			);
		};
/* End PBXProject section */

/* Begin PBXResourcesBuildPhase section */
		7DC9A95A2CD273E3009B3C82 /* Resources */ = {
			isa = PBXResourcesBuildPhase;
			buildActionMask = 2147483647;
			files = (
				7DC9A9672CD273E6009B3C82 /* Preview Assets.xcassets in Resources */,
				7DC9A9642CD273E6009B3C82 /* Assets.xcassets in Resources */,
			);
			runOnlyForDeploymentPostprocessing = 0;
		};
/* End PBXResourcesBuildPhase section */

/* Begin PBXSourcesBuildPhase section */
		7DC9A9582CD273E3009B3C82 /* Sources */ = {
			isa = PBXSourcesBuildPhase;
			buildActionMask = 2147483647;
			files = (
				7DC9A9702CD28A59009B3C82 /* HomeView.swift in Sources */,
				7DC9A97B2CD2981D009B3C82 /* CategoryList.swift in Sources */,
				7DC9A9752CD29395009B3C82 /* Category.swift in Sources */,
				7DC9A9622CD273E4009B3C82 /* ContentView.swift in Sources */,
				7DC9A9602CD273E4009B3C82 /* VoyagelyApp.swift in Sources */,
				7DC9A9792CD297A4009B3C82 /* View+Extensions.swift in Sources */,
				7DC9A9732CD292E2009B3C82 /* ToolbarDesign.swift in Sources */,
				7DC9A97D2CD29EF3009B3C82 /* StoryDesign.swift in Sources */,
			);
			runOnlyForDeploymentPostprocessing = 0;
		};
/* End PBXSourcesBuildPhase section */

/* Begin XCBuildConfiguration section */
		7DC9A9682CD273E6009B3C82 /* Debug */ = {
			isa = XCBuildConfiguration;
			buildSettings = {
				ALWAYS_SEARCH_USER_PATHS = NO;
				ASSETCATALOG_COMPILER_GENERATE_SWIFT_ASSET_SYMBOL_EXTENSIONS = YES;
				CLANG_ANALYZER_NONNULL = YES;
				CLANG_ANALYZER_NUMBER_OBJECT_CONVERSION = YES_AGGRESSIVE;
				CLANG_CXX_LANGUAGE_STANDARD = "gnu++20";
				CLANG_ENABLE_MODULES = YES;
				CLANG_ENABLE_OBJC_ARC = YES;
				CLANG_ENABLE_OBJC_WEAK = YES;
				CLANG_WARN_BLOCK_CAPTURE_AUTORELEASING = YES;
				CLANG_WARN_BOOL_CONVERSION = YES;
				CLANG_WARN_COMMA = YES;
				CLANG_WARN_CONSTANT_CONVERSION = YES;
				CLANG_WARN_DEPRECATED_OBJC_IMPLEMENTATIONS = YES;
				CLANG_WARN_DIRECT_OBJC_ISA_USAGE = YES_ERROR;
				CLANG_WARN_DOCUMENTATION_COMMENTS = YES;
				CLANG_WARN_EMPTY_BODY = YES;
				CLANG_WARN_ENUM_CONVERSION = YES;
				CLANG_WARN_INFINITE_RECURSION = YES;
				CLANG_WARN_INT_CONVERSION = YES;
				CLANG_WARN_NON_LITERAL_NULL_CONVERSION = YES;
				CLANG_WARN_OBJC_IMPLICIT_RETAIN_SELF = YES;
				CLANG_WARN_OBJC_LITERAL_CONVERSION = YES;
				CLANG_WARN_OBJC_ROOT_CLASS = YES_ERROR;
				CLANG_WARN_QUOTED_INCLUDE_IN_FRAMEWORK_HEADER = YES;
				CLANG_WARN_RANGE_LOOP_ANALYSIS = YES;
				CLANG_WARN_STRICT_PROTOTYPES = YES;
				CLANG_WARN_SUSPICIOUS_MOVE = YES;
				CLANG_WARN_UNGUARDED_AVAILABILITY = YES_AGGRESSIVE;
				CLANG_WARN_UNREACHABLE_CODE = YES;
				CLANG_WARN__DUPLICATE_METHOD_MATCH = YES;
				COPY_PHASE_STRIP = NO;
				DEBUG_INFORMATION_FORMAT = dwarf;
				ENABLE_STRICT_OBJC_MSGSEND = YES;
				ENABLE_TESTABILITY = YES;
				ENABLE_USER_SCRIPT_SANDBOXING = YES;
				GCC_C_LANGUAGE_STANDARD = gnu17;
				GCC_DYNAMIC_NO_PIC = NO;
				GCC_NO_COMMON_BLOCKS = YES;
				GCC_OPTIMIZATION_LEVEL = 0;
				GCC_PREPROCESSOR_DEFINITIONS = (
					"DEBUG=1",
					"$(inherited)",
				);
				GCC_WARN_64_TO_32_BIT_CONVERSION = YES;
				GCC_WARN_ABOUT_RETURN_TYPE = YES_ERROR;
				GCC_WARN_UNDECLARED_SELECTOR = YES;
				GCC_WARN_UNINITIALIZED_AUTOS = YES_AGGRESSIVE;
				GCC_WARN_UNUSED_FUNCTION = YES;
				GCC_WARN_UNUSED_VARIABLE = YES;
				IPHONEOS_DEPLOYMENT_TARGET = 17.0;
				LOCALIZATION_PREFERS_STRING_CATALOGS = YES;
				MTL_ENABLE_DEBUG_INFO = INCLUDE_SOURCE;
				MTL_FAST_MATH = YES;
				ONLY_ACTIVE_ARCH = YES;
				SDKROOT = iphoneos;
				SWIFT_ACTIVE_COMPILATION_CONDITIONS = "DEBUG $(inherited)";
				SWIFT_OPTIMIZATION_LEVEL = "-Onone";
			};
			name = Debug;
		};
		7DC9A9692CD273E6009B3C82 /* Release */ = {
			isa = XCBuildConfiguration;
			buildSettings = {
				ALWAYS_SEARCH_USER_PATHS = NO;
				ASSETCATALOG_COMPILER_GENERATE_SWIFT_ASSET_SYMBOL_EXTENSIONS = YES;
				CLANG_ANALYZER_NONNULL = YES;
				CLANG_ANALYZER_NUMBER_OBJECT_CONVERSION = YES_AGGRESSIVE;
				CLANG_CXX_LANGUAGE_STANDARD = "gnu++20";
				CLANG_ENABLE_MODULES = YES;
				CLANG_ENABLE_OBJC_ARC = YES;
				CLANG_ENABLE_OBJC_WEAK = YES;
				CLANG_WARN_BLOCK_CAPTURE_AUTORELEASING = YES;
				CLANG_WARN_BOOL_CONVERSION = YES;
				CLANG_WARN_COMMA = YES;
				CLANG_WARN_CONSTANT_CONVERSION = YES;
				CLANG_WARN_DEPRECATED_OBJC_IMPLEMENTATIONS = YES;
				CLANG_WARN_DIRECT_OBJC_ISA_USAGE = YES_ERROR;
				CLANG_WARN_DOCUMENTATION_COMMENTS = YES;
				CLANG_WARN_EMPTY_BODY = YES;
				CLANG_WARN_ENUM_CONVERSION = YES;
				CLANG_WARN_INFINITE_RECURSION = YES;
				CLANG_WARN_INT_CONVERSION = YES;
				CLANG_WARN_NON_LITERAL_NULL_CONVERSION = YES;
				CLANG_WARN_OBJC_IMPLICIT_RETAIN_SELF = YES;
				CLANG_WARN_OBJC_LITERAL_CONVERSION = YES;
				CLANG_WARN_OBJC_ROOT_CLASS = YES_ERROR;
				CLANG_WARN_QUOTED_INCLUDE_IN_FRAMEWORK_HEADER = YES;
				CLANG_WARN_RANGE_LOOP_ANALYSIS = YES;
				CLANG_WARN_STRICT_PROTOTYPES = YES;
				CLANG_WARN_SUSPICIOUS_MOVE = YES;
				CLANG_WARN_UNGUARDED_AVAILABILITY = YES_AGGRESSIVE;
				CLANG_WARN_UNREACHABLE_CODE = YES;
				CLANG_WARN__DUPLICATE_METHOD_MATCH = YES;
				COPY_PHASE_STRIP = NO;
				DEBUG_INFORMATION_FORMAT = "dwarf-with-dsym";
				ENABLE_NS_ASSERTIONS = NO;
				ENABLE_STRICT_OBJC_MSGSEND = YES;
				ENABLE_USER_SCRIPT_SANDBOXING = YES;
				GCC_C_LANGUAGE_STANDARD = gnu17;
				GCC_NO_COMMON_BLOCKS = YES;
				GCC_WARN_64_TO_32_BIT_CONVERSION = YES;
				GCC_WARN_ABOUT_RETURN_TYPE = YES_ERROR;
				GCC_WARN_UNDECLARED_SELECTOR = YES;
				GCC_WARN_UNINITIALIZED_AUTOS = YES_AGGRESSIVE;
				GCC_WARN_UNUSED_FUNCTION = YES;
				GCC_WARN_UNUSED_VARIABLE = YES;
				IPHONEOS_DEPLOYMENT_TARGET = 17.0;
				LOCALIZATION_PREFERS_STRING_CATALOGS = YES;
				MTL_ENABLE_DEBUG_INFO = NO;
				MTL_FAST_MATH = YES;
				SDKROOT = iphoneos;
				SWIFT_COMPILATION_MODE = wholemodule;
				VALIDATE_PRODUCT = YES;
			};
			name = Release;
		};
		7DC9A96B2CD273E6009B3C82 /* Debug */ = {
			isa = XCBuildConfiguration;
			buildSettings = {
				ASSETCATALOG_COMPILER_APPICON_NAME = AppIcon;
				ASSETCATALOG_COMPILER_GLOBAL_ACCENT_COLOR_NAME = AccentColor;
				CODE_SIGN_STYLE = Automatic;
				CURRENT_PROJECT_VERSION = 1;
				DEVELOPMENT_ASSET_PATHS = "\"Voyagely/Preview Content\"";
				DEVELOPMENT_TEAM = 45DX68AP4J;
				ENABLE_PREVIEWS = YES;
				GENERATE_INFOPLIST_FILE = YES;
				INFOPLIST_KEY_UIApplicationSceneManifest_Generation = YES;
				INFOPLIST_KEY_UIApplicationSupportsIndirectInputEvents = YES;
				INFOPLIST_KEY_UILaunchScreen_Generation = YES;
				INFOPLIST_KEY_UISupportedInterfaceOrientations_iPad = "UIInterfaceOrientationPortrait UIInterfaceOrientationPortraitUpsideDown UIInterfaceOrientationLandscapeLeft UIInterfaceOrientationLandscapeRight";
				INFOPLIST_KEY_UISupportedInterfaceOrientations_iPhone = "UIInterfaceOrientationPortrait UIInterfaceOrientationLandscapeLeft UIInterfaceOrientationLandscapeRight";
				LD_RUNPATH_SEARCH_PATHS = (
					"$(inherited)",
					"@executable_path/Frameworks",
				);
				MARKETING_VERSION = 1.0;
				PRODUCT_BUNDLE_IDENTIFIER = engingulek.Voyagely;
				PRODUCT_NAME = "$(TARGET_NAME)";
				SWIFT_EMIT_LOC_STRINGS = YES;
				SWIFT_VERSION = 5.0;
				TARGETED_DEVICE_FAMILY = "1,2";
			};
			name = Debug;
		};
		7DC9A96C2CD273E6009B3C82 /* Release */ = {
			isa = XCBuildConfiguration;
			buildSettings = {
				ASSETCATALOG_COMPILER_APPICON_NAME = AppIcon;
				ASSETCATALOG_COMPILER_GLOBAL_ACCENT_COLOR_NAME = AccentColor;
				CODE_SIGN_STYLE = Automatic;
				CURRENT_PROJECT_VERSION = 1;
				DEVELOPMENT_ASSET_PATHS = "\"Voyagely/Preview Content\"";
				DEVELOPMENT_TEAM = 45DX68AP4J;
				ENABLE_PREVIEWS = YES;
				GENERATE_INFOPLIST_FILE = YES;
				INFOPLIST_KEY_UIApplicationSceneManifest_Generation = YES;
				INFOPLIST_KEY_UIApplicationSupportsIndirectInputEvents = YES;
				INFOPLIST_KEY_UILaunchScreen_Generation = YES;
				INFOPLIST_KEY_UISupportedInterfaceOrientations_iPad = "UIInterfaceOrientationPortrait UIInterfaceOrientationPortraitUpsideDown UIInterfaceOrientationLandscapeLeft UIInterfaceOrientationLandscapeRight";
				INFOPLIST_KEY_UISupportedInterfaceOrientations_iPhone = "UIInterfaceOrientationPortrait UIInterfaceOrientationLandscapeLeft UIInterfaceOrientationLandscapeRight";
				LD_RUNPATH_SEARCH_PATHS = (
					"$(inherited)",
					"@executable_path/Frameworks",
				);
				MARKETING_VERSION = 1.0;
				PRODUCT_BUNDLE_IDENTIFIER = engingulek.Voyagely;
				PRODUCT_NAME = "$(TARGET_NAME)";
				SWIFT_EMIT_LOC_STRINGS = YES;
				SWIFT_VERSION = 5.0;
				TARGETED_DEVICE_FAMILY = "1,2";
			};
			name = Release;
		};
/* End XCBuildConfiguration section */

/* Begin XCConfigurationList section */
		7DC9A9572CD273E3009B3C82 /* Build configuration list for PBXProject "Voyagely" */ = {
			isa = XCConfigurationList;
			buildConfigurations = (
				7DC9A9682CD273E6009B3C82 /* Debug */,
				7DC9A9692CD273E6009B3C82 /* Release */,
			);
			defaultConfigurationIsVisible = 0;
			defaultConfigurationName = Release;
		};
		7DC9A96A2CD273E6009B3C82 /* Build configuration list for PBXNativeTarget "Voyagely" */ = {
			isa = XCConfigurationList;
			buildConfigurations = (
				7DC9A96B2CD273E6009B3C82 /* Debug */,
				7DC9A96C2CD273E6009B3C82 /* Release */,
			);
			defaultConfigurationIsVisible = 0;
			defaultConfigurationName = Release;
		};
/* End XCConfigurationList section */
	};
	rootObject = 7DC9A9542CD273E3009B3C82 /* Project object */;
}
